
Microsoft Visual Studio Solution File, Format Version 12.00
# Visual Studio Version 17
VisualStudioVersion = 17.13.35818.85
MinimumVisualStudioVersion = 10.0.40219.1
Project("{FAE04EC0-301F-11D3-BF4B-00C04F79EFBC}") = "ЛР1", "Практики\ЛР1\ЛР1.csproj", "{07A07E45-A6AC-4186-8AC0-D36601FFB63D}"
EndProject
Project("{FAE04EC0-301F-11D3-BF4B-00C04F79EFBC}") = "ЛР2", "Практики\ЛР2\ЛР2.csproj", "{1A424964-98D4-49EB-A266-8F218FF570B4}"
EndProject
Project("{FAE04EC0-301F-11D3-BF4B-00C04F79EFBC}") = "ZedGraph", "Практики\ZedGraph\ZedGraph.csproj", "{D7FC1A1D-06AC-4935-9ED9-676EA40D7A87}"
EndProject
Project("{FAE04EC0-301F-11D3-BF4B-00C04F79EFBC}") = "ЛР3-ЛР4", "Практики\ЛР3-ЛР4\ЛР3-ЛР4.csproj", "{6CD74C10-FCB7-4AE3-8D13-BB46C9450E56}"
EndProject
Project("{FAE04EC0-301F-11D3-BF4B-00C04F79EFBC}") = "ЛР5", "Практики\ЛР5\ЛР5.csproj", "{922FB9D7-1BB6-499E-BADA-3F116E56A27B}"
EndProject
Global
	GlobalSection(SolutionConfigurationPlatforms) = preSolution
		Debug|Any CPU = Debug|Any CPU
		Release|Any CPU = Release|Any CPU
	EndGlobalSection
	GlobalSection(ProjectConfigurationPlatforms) = postSolution
		{07A07E45-A6AC-4186-8AC0-D36601FFB63D}.Debug|Any CPU.ActiveCfg = Debug|Any CPU
		{07A07E45-A6AC-4186-8AC0-D36601FFB63D}.Debug|Any CPU.Build.0 = Debug|Any CPU
		{07A07E45-A6AC-4186-8AC0-D36601FFB63D}.Release|Any CPU.ActiveCfg = Release|Any CPU
		{07A07E45-A6AC-4186-8AC0-D36601FFB63D}.Release|Any CPU.Build.0 = Release|Any CPU
		{1A424964-98D4-49EB-A266-8F218FF570B4}.Debug|Any CPU.ActiveCfg = Debug|Any CPU
		{1A424964-98D4-49EB-A266-8F218FF570B4}.Debug|Any CPU.Build.0 = Debug|Any CPU
		{1A424964-98D4-49EB-A266-8F218FF570B4}.Release|Any CPU.ActiveCfg = Release|Any CPU
		{1A424964-98D4-49EB-A266-8F218FF570B4}.Release|Any CPU.Build.0 = Release|Any CPU
		{D7FC1A1D-06AC-4935-9ED9-676EA40D7A87}.Debug|Any CPU.ActiveCfg = Debug|Any CPU
		{D7FC1A1D-06AC-4935-9ED9-676EA40D7A87}.Debug|Any CPU.Build.0 = Debug|Any CPU
		{D7FC1A1D-06AC-4935-9ED9-676EA40D7A87}.Release|Any CPU.ActiveCfg = Release|Any CPU
		{D7FC1A1D-06AC-4935-9ED9-676EA40D7A87}.Release|Any CPU.Build.0 = Release|Any CPU
		{6CD74C10-FCB7-4AE3-8D13-BB46C9450E56}.Debug|Any CPU.ActiveCfg = Debug|Any CPU
		{6CD74C10-FCB7-4AE3-8D13-BB46C9450E56}.Debug|Any CPU.Build.0 = Debug|Any CPU
		{6CD74C10-FCB7-4AE3-8D13-BB46C9450E56}.Release|Any CPU.ActiveCfg = Release|Any CPU
		{6CD74C10-FCB7-4AE3-8D13-BB46C9450E56}.Release|Any CPU.Build.0 = Release|Any CPU
		{922FB9D7-1BB6-499E-BADA-3F116E56A27B}.Debug|Any CPU.ActiveCfg = Debug|Any CPU
		{922FB9D7-1BB6-499E-BADA-3F116E56A27B}.Debug|Any CPU.Build.0 = Debug|Any CPU
		{922FB9D7-1BB6-499E-BADA-3F116E56A27B}.Release|Any CPU.ActiveCfg = Release|Any CPU
		{922FB9D7-1BB6-499E-BADA-3F116E56A27B}.Release|Any CPU.Build.0 = Release|Any CPU
	EndGlobalSection
	GlobalSection(SolutionProperties) = preSolution
		HideSolutionNode = FALSE
	EndGlobalSection
	GlobalSection(ExtensibilityGlobals) = postSolution
		SolutionGuid = {E390A0B5-701E-4159-BFE6-382204574DC9}
	EndGlobalSection
EndGlobal
