
Microsoft Visual Studio Solution File, Format Version 12.00
# Visual Studio Version 17
VisualStudioVersion = 17.0.31903.59
MinimumVisualStudioVersion = 10.0.40219.1
Project("{FAE04EC0-301F-11D3-BF4B-00C04F79EFBC}") = "VectorNorm", "01-VectorNorm\VectorNorm.csproj", "{9D8BC99E-CD93-40C1-BBC4-2E93CC5C914A}"
EndProject
Project("{FAE04EC0-301F-11D3-BF4B-00C04F79EFBC}") = "ComplexCalculator", "02-ComplexCalculator\ComplexCalculator.csproj", "{890E0DFC-999A-4CB9-9392-56C317FEA030}"
EndProject
Project("{FAE04EC0-301F-11D3-BF4B-00C04F79EFBC}") = "GenericSorting", "04-GenericSorting\GenericSorting.csproj", "{05AF3E02-B754-4B37-8A52-9DCF86D31B1D}"
EndProject
Project("{FAE04EC0-301F-11D3-BF4B-00C04F79EFBC}") = "MaxHeap", "05-MaxHeap\MaxHeap.csproj", "{BB985244-5915-4600-A8A1-ABCF864A4F26}"
EndProject
Project("{FAE04EC0-301F-11D3-BF4B-00C04F79EFBC}") = "PriorityQueue", "06-HeapPriorityQueue\PriorityQueue.csproj", "{6237216B-2399-4E25-A408-825005070B6B}"
EndProject
Project("{FAE04EC0-301F-11D3-BF4B-00C04F79EFBC}") = "MyVector", "10-MyVector\MyVector.csproj", "{38532C27-1318-41CE-96A5-B629E95460C9}"
EndProject
Project("{FAE04EC0-301F-11D3-BF4B-00C04F79EFBC}") = "PriorityQueueSimulation", "07-PriorityQueueSimulation\PriorityQueueSimulation.csproj", "{EA97EA01-D3BC-4413-9E03-F823E8907ADA}"
EndProject
Project("{FAE04EC0-301F-11D3-BF4B-00C04F79EFBC}") = "MyArrayList", "08-MyArrayList\MyArrayList.csproj", "{9596CD6A-4A34-4C71-BEAA-234A3A6EA426}"
EndProject
Project("{FAE04EC0-301F-11D3-BF4B-00C04F79EFBC}") = "MyArrayTagParser", "09-MyArrayTagParser\MyArrayTagParser.csproj", "{BC6AD4DB-9E35-4CC2-A90F-8C5710C645CE}"
EndProject
Project("{FAE04EC0-301F-11D3-BF4B-00C04F79EFBC}") = "SortingAlgorithms", "03-SortingAlgorithms\SortingAlgorithms.csproj", "{43B580EF-A219-4DBB-84C2-ECBB7CCAD640}"
EndProject
Global
	GlobalSection(SolutionConfigurationPlatforms) = preSolution
		Debug|Any CPU = Debug|Any CPU
		Release|Any CPU = Release|Any CPU
	EndGlobalSection
	GlobalSection(SolutionProperties) = preSolution
		HideSolutionNode = FALSE
	EndGlobalSection
	GlobalSection(ProjectConfigurationPlatforms) = postSolution
		{9D8BC99E-CD93-40C1-BBC4-2E93CC5C914A}.Debug|Any CPU.ActiveCfg = Debug|Any CPU
		{9D8BC99E-CD93-40C1-BBC4-2E93CC5C914A}.Debug|Any CPU.Build.0 = Debug|Any CPU
		{9D8BC99E-CD93-40C1-BBC4-2E93CC5C914A}.Release|Any CPU.ActiveCfg = Release|Any CPU
		{9D8BC99E-CD93-40C1-BBC4-2E93CC5C914A}.Release|Any CPU.Build.0 = Release|Any CPU
		{890E0DFC-999A-4CB9-9392-56C317FEA030}.Debug|Any CPU.ActiveCfg = Debug|Any CPU
		{890E0DFC-999A-4CB9-9392-56C317FEA030}.Debug|Any CPU.Build.0 = Debug|Any CPU
		{890E0DFC-999A-4CB9-9392-56C317FEA030}.Release|Any CPU.ActiveCfg = Release|Any CPU
		{890E0DFC-999A-4CB9-9392-56C317FEA030}.Release|Any CPU.Build.0 = Release|Any CPU
		{05AF3E02-B754-4B37-8A52-9DCF86D31B1D}.Debug|Any CPU.ActiveCfg = Debug|Any CPU
		{05AF3E02-B754-4B37-8A52-9DCF86D31B1D}.Debug|Any CPU.Build.0 = Debug|Any CPU
		{05AF3E02-B754-4B37-8A52-9DCF86D31B1D}.Release|Any CPU.ActiveCfg = Release|Any CPU
		{05AF3E02-B754-4B37-8A52-9DCF86D31B1D}.Release|Any CPU.Build.0 = Release|Any CPU
		{BB985244-5915-4600-A8A1-ABCF864A4F26}.Debug|Any CPU.ActiveCfg = Debug|Any CPU
		{BB985244-5915-4600-A8A1-ABCF864A4F26}.Debug|Any CPU.Build.0 = Debug|Any CPU
		{BB985244-5915-4600-A8A1-ABCF864A4F26}.Release|Any CPU.ActiveCfg = Release|Any CPU
		{BB985244-5915-4600-A8A1-ABCF864A4F26}.Release|Any CPU.Build.0 = Release|Any CPU
		{6237216B-2399-4E25-A408-825005070B6B}.Debug|Any CPU.ActiveCfg = Debug|Any CPU
		{6237216B-2399-4E25-A408-825005070B6B}.Debug|Any CPU.Build.0 = Debug|Any CPU
		{6237216B-2399-4E25-A408-825005070B6B}.Release|Any CPU.ActiveCfg = Release|Any CPU
		{6237216B-2399-4E25-A408-825005070B6B}.Release|Any CPU.Build.0 = Release|Any CPU
		{38532C27-1318-41CE-96A5-B629E95460C9}.Debug|Any CPU.ActiveCfg = Debug|Any CPU
		{38532C27-1318-41CE-96A5-B629E95460C9}.Debug|Any CPU.Build.0 = Debug|Any CPU
		{38532C27-1318-41CE-96A5-B629E95460C9}.Release|Any CPU.ActiveCfg = Release|Any CPU
		{38532C27-1318-41CE-96A5-B629E95460C9}.Release|Any CPU.Build.0 = Release|Any CPU
		{EA97EA01-D3BC-4413-9E03-F823E8907ADA}.Debug|Any CPU.ActiveCfg = Debug|Any CPU
		{EA97EA01-D3BC-4413-9E03-F823E8907ADA}.Debug|Any CPU.Build.0 = Debug|Any CPU
		{EA97EA01-D3BC-4413-9E03-F823E8907ADA}.Release|Any CPU.ActiveCfg = Release|Any CPU
		{EA97EA01-D3BC-4413-9E03-F823E8907ADA}.Release|Any CPU.Build.0 = Release|Any CPU
		{9596CD6A-4A34-4C71-BEAA-234A3A6EA426}.Debug|Any CPU.ActiveCfg = Debug|Any CPU
		{9596CD6A-4A34-4C71-BEAA-234A3A6EA426}.Debug|Any CPU.Build.0 = Debug|Any CPU
		{9596CD6A-4A34-4C71-BEAA-234A3A6EA426}.Release|Any CPU.ActiveCfg = Release|Any CPU
		{9596CD6A-4A34-4C71-BEAA-234A3A6EA426}.Release|Any CPU.Build.0 = Release|Any CPU
		{BC6AD4DB-9E35-4CC2-A90F-8C5710C645CE}.Debug|Any CPU.ActiveCfg = Debug|Any CPU
		{BC6AD4DB-9E35-4CC2-A90F-8C5710C645CE}.Debug|Any CPU.Build.0 = Debug|Any CPU
		{BC6AD4DB-9E35-4CC2-A90F-8C5710C645CE}.Release|Any CPU.ActiveCfg = Release|Any CPU
		{BC6AD4DB-9E35-4CC2-A90F-8C5710C645CE}.Release|Any CPU.Build.0 = Release|Any CPU
		{43B580EF-A219-4DBB-84C2-ECBB7CCAD640}.Debug|Any CPU.ActiveCfg = Debug|Any CPU
		{43B580EF-A219-4DBB-84C2-ECBB7CCAD640}.Debug|Any CPU.Build.0 = Debug|Any CPU
		{43B580EF-A219-4DBB-84C2-ECBB7CCAD640}.Release|Any CPU.ActiveCfg = Release|Any CPU
		{43B580EF-A219-4DBB-84C2-ECBB7CCAD640}.Release|Any CPU.Build.0 = Release|Any CPU
	EndGlobalSection
EndGlobal
