
Microsoft Visual Studio Solution File, Format Version 12.00
# Visual Studio Version 17
VisualStudioVersion = 17.13.35818.85 d17.13
MinimumVisualStudioVersion = 10.0.40219.1
Project("{FAE04EC0-301F-11D3-BF4B-00C04F79EFBC}") = "LB3", "LB3-LB4.csproj", "{6CD74C10-FCB7-4AE3-8D13-BB46C9450E56}"
EndProject
Global
	GlobalSection(SolutionConfigurationPlatforms) = preSolution
		Debug|Any CPU = Debug|Any CPU
		Release|Any CPU = Release|Any CPU
	EndGlobalSection
	GlobalSection(ProjectConfigurationPlatforms) = postSolution
		{6CD74C10-FCB7-4AE3-8D13-BB46C9450E56}.Debug|Any CPU.ActiveCfg = Debug|Any CPU
		{6CD74C10-FCB7-4AE3-8D13-BB46C9450E56}.Debug|Any CPU.Build.0 = Debug|Any CPU
		{6CD74C10-FCB7-4AE3-8D13-BB46C9450E56}.Release|Any CPU.ActiveCfg = Release|Any CPU
		{6CD74C10-FCB7-4AE3-8D13-BB46C9450E56}.Release|Any CPU.Build.0 = Release|Any CPU
	EndGlobalSection
	GlobalSection(SolutionProperties) = preSolution
		HideSolutionNode = FALSE
	EndGlobalSection
	GlobalSection(ExtensibilityGlobals) = postSolution
		SolutionGuid = {5580E587-A109-4632-BDEF-FA8292F939AD}
	EndGlobalSection
EndGlobal
